
Microsoft Visual Studio Solution File, Format Version 12.00
# Visual Studio Version 16
VisualStudioVersion = 16.0.31205.134
MinimumVisualStudioVersion = 10.0.40219.1
Project("{9A19103F-16F7-4668-BE54-9A1E7A4F7556}") = "ServicioSucursales", "ServicioSucursales\ServicioSucursales.csproj", "{FD6476FC-0852-44BC-9220-A19511C48CCD}"
EndProject
Project("{9A19103F-16F7-4668-BE54-9A1E7A4F7556}") = "Gateway", "Gateway\Gateway.csproj", "{C0C30B8F-8618-442D-9DC6-8A68E06A84FF}"
EndProject
Project("{9A19103F-16F7-4668-BE54-9A1E7A4F7556}") = "RecolectorService", "RecolectorService\RecolectorService.csproj", "{86FC50C0-6957-42A2-AD8E-C1CE9FCC1015}"
EndProject
Project("{FAE04EC0-301F-11D3-BF4B-00C04F79EFBC}") = "ValidacionService", "ValidacionService\ValidacionService.csproj", "{8F81EA6E-FD23-4A27-8C3F-916592C02FE7}"
EndProject
Global
	GlobalSection(SolutionConfigurationPlatforms) = preSolution
		Debug|Any CPU = Debug|Any CPU
		Release|Any CPU = Release|Any CPU
	EndGlobalSection
	GlobalSection(ProjectConfigurationPlatforms) = postSolution
		{FD6476FC-0852-44BC-9220-A19511C48CCD}.Debug|Any CPU.ActiveCfg = Debug|Any CPU
		{FD6476FC-0852-44BC-9220-A19511C48CCD}.Debug|Any CPU.Build.0 = Debug|Any CPU
		{FD6476FC-0852-44BC-9220-A19511C48CCD}.Release|Any CPU.ActiveCfg = Release|Any CPU
		{FD6476FC-0852-44BC-9220-A19511C48CCD}.Release|Any CPU.Build.0 = Release|Any CPU
		{C0C30B8F-8618-442D-9DC6-8A68E06A84FF}.Debug|Any CPU.ActiveCfg = Debug|Any CPU
		{C0C30B8F-8618-442D-9DC6-8A68E06A84FF}.Debug|Any CPU.Build.0 = Debug|Any CPU
		{C0C30B8F-8618-442D-9DC6-8A68E06A84FF}.Release|Any CPU.ActiveCfg = Release|Any CPU
		{C0C30B8F-8618-442D-9DC6-8A68E06A84FF}.Release|Any CPU.Build.0 = Release|Any CPU
		{86FC50C0-6957-42A2-AD8E-C1CE9FCC1015}.Debug|Any CPU.ActiveCfg = Debug|Any CPU
		{86FC50C0-6957-42A2-AD8E-C1CE9FCC1015}.Debug|Any CPU.Build.0 = Debug|Any CPU
		{86FC50C0-6957-42A2-AD8E-C1CE9FCC1015}.Release|Any CPU.ActiveCfg = Release|Any CPU
		{86FC50C0-6957-42A2-AD8E-C1CE9FCC1015}.Release|Any CPU.Build.0 = Release|Any CPU
		{8F81EA6E-FD23-4A27-8C3F-916592C02FE7}.Debug|Any CPU.ActiveCfg = Debug|Any CPU
		{8F81EA6E-FD23-4A27-8C3F-916592C02FE7}.Debug|Any CPU.Build.0 = Debug|Any CPU
		{8F81EA6E-FD23-4A27-8C3F-916592C02FE7}.Release|Any CPU.ActiveCfg = Release|Any CPU
		{8F81EA6E-FD23-4A27-8C3F-916592C02FE7}.Release|Any CPU.Build.0 = Release|Any CPU
	EndGlobalSection
	GlobalSection(SolutionProperties) = preSolution
		HideSolutionNode = FALSE
	EndGlobalSection
	GlobalSection(ExtensibilityGlobals) = postSolution
		SolutionGuid = {F2A3EB65-60F6-4187-9A9B-11A2B3CC88DC}
	EndGlobalSection
EndGlobal
